
Microsoft Visual Studio Solution File, Format Version 12.00
# Visual Studio Version 17
VisualStudioVersion = 17.0.32014.148
MinimumVisualStudioVersion = 10.0.40219.1
Project("{9A19103F-16F7-4668-BE54-9A1E7A4F7556}") = "MultiWorldLib", "MultiWorldLib\MultiWorldLib.csproj", "{AA8E9B61-F279-48DE-8B14-431811D5C99D}"
EndProject
Project("{9A19103F-16F7-4668-BE54-9A1E7A4F7556}") = "MultiWorldServer", "MultiWorldServer\MultiWorldServer.csproj", "{222A6FC2-BCD5-4127-A4DA-F55B926C879C}"
EndProject
Project("{9A19103F-16F7-4668-BE54-9A1E7A4F7556}") = "ItemSyncMod", "ItemSyncMod\ItemSyncMod.csproj", "{19F788C1-6FA8-4F13-AB76-2CCC75B5F159}"
EndProject
Project("{9A19103F-16F7-4668-BE54-9A1E7A4F7556}") = "MultiWorldMod", "MultiWorldMod\MultiWorldMod.csproj", "{13E05880-A84F-45B0-B2B9-72691023BEC0}"
EndProject
Global
	GlobalSection(SolutionConfigurationPlatforms) = preSolution
		Debug|Any CPU = Debug|Any CPU
		Release|Any CPU = Release|Any CPU
	EndGlobalSection
	GlobalSection(ProjectConfigurationPlatforms) = postSolution
		{AA8E9B61-F279-48DE-8B14-431811D5C99D}.Debug|Any CPU.ActiveCfg = Debug|Any CPU
		{AA8E9B61-F279-48DE-8B14-431811D5C99D}.Debug|Any CPU.Build.0 = Debug|Any CPU
		{AA8E9B61-F279-48DE-8B14-431811D5C99D}.Release|Any CPU.ActiveCfg = Release|Any CPU
		{AA8E9B61-F279-48DE-8B14-431811D5C99D}.Release|Any CPU.Build.0 = Release|Any CPU
		{222A6FC2-BCD5-4127-A4DA-F55B926C879C}.Debug|Any CPU.ActiveCfg = Debug|Any CPU
		{222A6FC2-BCD5-4127-A4DA-F55B926C879C}.Debug|Any CPU.Build.0 = Debug|Any CPU
		{222A6FC2-BCD5-4127-A4DA-F55B926C879C}.Release|Any CPU.ActiveCfg = Release|Any CPU
		{222A6FC2-BCD5-4127-A4DA-F55B926C879C}.Release|Any CPU.Build.0 = Release|Any CPU
		{19F788C1-6FA8-4F13-AB76-2CCC75B5F159}.Debug|Any CPU.ActiveCfg = Debug|Any CPU
		{19F788C1-6FA8-4F13-AB76-2CCC75B5F159}.Debug|Any CPU.Build.0 = Debug|Any CPU
		{19F788C1-6FA8-4F13-AB76-2CCC75B5F159}.Release|Any CPU.ActiveCfg = Release|Any CPU
		{19F788C1-6FA8-4F13-AB76-2CCC75B5F159}.Release|Any CPU.Build.0 = Release|Any CPU
		{13E05880-A84F-45B0-B2B9-72691023BEC0}.Debug|Any CPU.ActiveCfg = Debug|Any CPU
		{13E05880-A84F-45B0-B2B9-72691023BEC0}.Debug|Any CPU.Build.0 = Debug|Any CPU
		{13E05880-A84F-45B0-B2B9-72691023BEC0}.Release|Any CPU.ActiveCfg = Release|Any CPU
		{13E05880-A84F-45B0-B2B9-72691023BEC0}.Release|Any CPU.Build.0 = Release|Any CPU
	EndGlobalSection
	GlobalSection(SolutionProperties) = preSolution
		HideSolutionNode = FALSE
	EndGlobalSection
	GlobalSection(ExtensibilityGlobals) = postSolution
		SolutionGuid = {6E34ABA1-8BBA-4197-A01F-01C05196C016}
	EndGlobalSection
EndGlobal
